# Pinned third-party tool binaries fetched from official releases.
# Format: <tool> <version> <os>-<arch> <sha256>
# Edit a version here, refresh its checksums, then run `make tools`.

golangci-lint 2.12.2 linux-amd64  8df580d2670fed8fa984aac0507099af8df275e665215f5c7a2ae3943893a553
golangci-lint 2.12.2 linux-arm64  44cd40a8c76c86755375adfeea52cfd3533cb43d7bd647771e0ae065e166df3a
golangci-lint 2.12.2 darwin-amd64 f6f06d94b6241521c53d15450c5209b028270bf966f842afb11c030c79f5bc16
golangci-lint 2.12.2 darwin-arm64 a9c54498731b3128f79e090be6110f3e5fffccc617b08142ed244d4126c73f29

go-arch-lint 1.15.0 linux-amd64  b694a40d4b880b7665b164da6023775ba7461ac2110de09f0b2dddd1c58d4176
go-arch-lint 1.15.0 linux-arm64  b806132ca67f98e932f84228e2bed14ee1a99abe0226dab352c63e63c2ded976
go-arch-lint 1.15.0 darwin-amd64 aa85c68a811673d4d3a510d8d616fedb523e9c58eb4a30a997decbb87e0970d6
go-arch-lint 1.15.0 darwin-arm64 37c8ebd36bfedb97c14486ff480f91c60bf0901ccc600aee2044591c13b72922

ruff 0.15.20 linux-amd64  df8e74862d4cd4fdac11faf3048789896ff9898a0cacb98497df20d0a1cc7bb4
ruff 0.15.20 linux-arm64  f915de3ab6d31a49f4c57b1f97129f359f9348c162ea03acfa07011ba79e1197
ruff 0.15.20 darwin-amd64 36b91219b3aae00464e2a4fa361766abd47d0402ac88fbe6da5de44285738386
ruff 0.15.20 darwin-arm64 cb41c48690c113dc08470e64103ce65ca15249c6ce3495d3ac792b329a83e8c1

protoc 35.1 linux-amd64  6930ebf62bd4ea607b98fff052596c6ee564b9835b4ce172c75a3f53ae9d91b7
protoc 35.1 linux-arm64  01bf9d08808c7f96678b63f4bd8efa559bb4f83d5a7a270d5edaf507f9d5d9cf
protoc 35.1 darwin-amd64 537d73604a344ded6fc94e98e07e529d4fe3e4a0b09e59905353950fafc2a1f7
protoc 35.1 darwin-arm64 193289af0470c6a1aada357d4fba0bbf8d78bfaac8b5e42ca30af2ef75583de2

protoc-gen-go 1.36.11 linux-amd64  6ad8f8fc11b96dc4deb176f7ee84af40e15d32e4608594bcc3534b7824a3dc71
protoc-gen-go 1.36.11 linux-arm64  8760755b06cbfe6e64478bbe16b60e518d89d059ccaf667df05398d19636cbad
protoc-gen-go 1.36.11 darwin-amd64 e41b9fc3e6b80a943caee6736f8f764e1059fb6ff9ef4f423b62645a9abc8f9f
protoc-gen-go 1.36.11 darwin-arm64 31a1c65833213a925f6771dd84b749ac5b3f4de30be3694d8ec19e23fc44acbf

protoc-gen-go-grpc 1.5.1 linux-amd64  a6cac4ea731e54aea304ad44d704a69d1cdc82997084b33637e21a89dc9229d6
protoc-gen-go-grpc 1.5.1 linux-arm64  370a7cfa5786e61e6fdc5aa8f689e35c2d27d036a49caac7aa25f962c89a01e8
protoc-gen-go-grpc 1.5.1 darwin-amd64 c12c259d59c8b451f24b6abdad6d055fd0884c5268b7247fd7e5ec9d2432d1f1
protoc-gen-go-grpc 1.5.1 darwin-arm64 d6083feb51dcfe59f26793e99ef01ef5eac68b64294ec2546711f614ac5878f3
